// !$*UTF8*$!
{
	archiveVersion = 1;
	classes = {
	};
	objectVersion = 56;
	objects = {

/* Begin PBXBuildFile section */
		5DC0F4F429AD087C009F3A0E /* GoogleService-Info.plist in Resources */ = {isa = PBXBuildFile; fileRef = 5DC0F4F329AD087C009F3A0E /* GoogleService-Info.plist */; };
		5DC0F4F729AD1BB6009F3A0E /* Constants.swift in Sources */ = {isa = PBXBuildFile; fileRef = 5DC0F4F629AD1BB6009F3A0E /* Constants.swift */; };
		5DC0F4FB29AD2B53009F3A0E /* AuthService.swift in Sources */ = {isa = PBXBuildFile; fileRef = 5DC0F4FA29AD2B53009F3A0E /* AuthService.swift */; };
		5DC0F4FE29ADEF6D009F3A0E /* FirebaseAuth in Frameworks */ = {isa = PBXBuildFile; productRef = 5DC0F4FD29ADEF6D009F3A0E /* FirebaseAuth */; };
		5DC0F50029ADEF6D009F3A0E /* FirebaseDatabase in Frameworks */ = {isa = PBXBuildFile; productRef = 5DC0F4FF29ADEF6D009F3A0E /* FirebaseDatabase */; };
		5DC0F50229ADEF6D009F3A0E /* FirebaseFirestore in Frameworks */ = {isa = PBXBuildFile; productRef = 5DC0F50129ADEF6D009F3A0E /* FirebaseFirestore */; };
		5DC0F50429ADEF6D009F3A0E /* FirebaseStorage in Frameworks */ = {isa = PBXBuildFile; productRef = 5DC0F50329ADEF6D009F3A0E /* FirebaseStorage */; };
		5DC0F50629AE2D6C009F3A0E /* UserService.swift in Sources */ = {isa = PBXBuildFile; fileRef = 5DC0F50529AE2D6C009F3A0E /* UserService.swift */; };
		5DC0F50829AE340A009F3A0E /* User.swift in Sources */ = {isa = PBXBuildFile; fileRef = 5DC0F50729AE340A009F3A0E /* User.swift */; };
		5DC0F52B29AE4BD7009F3A0E /* SDWebImage in Frameworks */ = {isa = PBXBuildFile; productRef = 5DC0F52A29AE4BD7009F3A0E /* SDWebImage */; };
		5DC0F52D29AF4FCD009F3A0E /* UploadTweetController.swift in Sources */ = {isa = PBXBuildFile; fileRef = 5DC0F52C29AF4FCD009F3A0E /* UploadTweetController.swift */; };
		5DC0F52F29AF5DE5009F3A0E /* UIViewController+Utils.swift in Sources */ = {isa = PBXBuildFile; fileRef = 5DC0F52E29AF5DE5009F3A0E /* UIViewController+Utils.swift */; };
		5DC0F53129AF787D009F3A0E /* CaptionTextView.swift in Sources */ = {isa = PBXBuildFile; fileRef = 5DC0F53029AF787D009F3A0E /* CaptionTextView.swift */; };
		5DC0F53329AF8174009F3A0E /* TweetService.swift in Sources */ = {isa = PBXBuildFile; fileRef = 5DC0F53229AF8174009F3A0E /* TweetService.swift */; };
		5DC0F53529AFA825009F3A0E /* Tweet.swift in Sources */ = {isa = PBXBuildFile; fileRef = 5DC0F53429AFA825009F3A0E /* Tweet.swift */; };
		5DC0F53929AFB7BD009F3A0E /* TweetCell.swift in Sources */ = {isa = PBXBuildFile; fileRef = 5DC0F53829AFB7BD009F3A0E /* TweetCell.swift */; };
		5DC0F55D29B0D1D7009F3A0E /* TweetViewModel.swift in Sources */ = {isa = PBXBuildFile; fileRef = 5DC0F55C29B0D1D7009F3A0E /* TweetViewModel.swift */; };
		5DC0F56129B0EE65009F3A0E /* ProfileController.swift in Sources */ = {isa = PBXBuildFile; fileRef = 5DC0F56029B0EE65009F3A0E /* ProfileController.swift */; };
		5DC0F56329B0F61F009F3A0E /* ProfileHeader.swift in Sources */ = {isa = PBXBuildFile; fileRef = 5DC0F56229B0F61F009F3A0E /* ProfileHeader.swift */; };
		5DC0F56529B200D3009F3A0E /* ProfileFilterView.swift in Sources */ = {isa = PBXBuildFile; fileRef = 5DC0F56429B200D3009F3A0E /* ProfileFilterView.swift */; };
		5DC0F56729B203E9009F3A0E /* ProfileFilterCell.swift in Sources */ = {isa = PBXBuildFile; fileRef = 5DC0F56629B203E9009F3A0E /* ProfileFilterCell.swift */; };
		5DC0F56929B211D9009F3A0E /* ProfileHeaderViewModel.swift in Sources */ = {isa = PBXBuildFile; fileRef = 5DC0F56829B211D9009F3A0E /* ProfileHeaderViewModel.swift */; };
		5DCD000029A6619E008D5FAF /* MainTabController.swift in Sources */ = {isa = PBXBuildFile; fileRef = 5DCDFFFF29A6619E008D5FAF /* MainTabController.swift */; };
		5DCD000229A6639E008D5FAF /* FeedController.swift in Sources */ = {isa = PBXBuildFile; fileRef = 5DCD000129A6639E008D5FAF /* FeedController.swift */; };
		5DCD000429A66466008D5FAF /* ExploreController.swift in Sources */ = {isa = PBXBuildFile; fileRef = 5DCD000329A66466008D5FAF /* ExploreController.swift */; };
		5DCD000829A6658C008D5FAF /* ConversationsController.swift in Sources */ = {isa = PBXBuildFile; fileRef = 5DCD000729A6658C008D5FAF /* ConversationsController.swift */; };
		5DCD000A29A6661D008D5FAF /* NotificationsController.swift in Sources */ = {isa = PBXBuildFile; fileRef = 5DCD000929A6661D008D5FAF /* NotificationsController.swift */; };
		5DCD000C29A78CCA008D5FAF /* Layout Helper Extensions.swift in Sources */ = {isa = PBXBuildFile; fileRef = 5DCD000B29A78CCA008D5FAF /* Layout Helper Extensions.swift */; };
		5DCD000F29A7AB44008D5FAF /* LoginController.swift in Sources */ = {isa = PBXBuildFile; fileRef = 5DCD000E29A7AB44008D5FAF /* LoginController.swift */; };
		5DCD001129A7AB92008D5FAF /* RegistrationController.swift in Sources */ = {isa = PBXBuildFile; fileRef = 5DCD001029A7AB92008D5FAF /* RegistrationController.swift */; };
		5DCD001829A7BFBB008D5FAF /* Utilities.swift in Sources */ = {isa = PBXBuildFile; fileRef = 5DCD001729A7BFBB008D5FAF /* Utilities.swift */; };
		5DCDFFE529A65FB4008D5FAF /* AppDelegate.swift in Sources */ = {isa = PBXBuildFile; fileRef = 5DCDFFE429A65FB4008D5FAF /* AppDelegate.swift */; };
		5DCDFFE729A65FB4008D5FAF /* SceneDelegate.swift in Sources */ = {isa = PBXBuildFile; fileRef = 5DCDFFE629A65FB4008D5FAF /* SceneDelegate.swift */; };
		5DCDFFEC29A65FB4008D5FAF /* Main.storyboard in Resources */ = {isa = PBXBuildFile; fileRef = 5DCDFFEA29A65FB4008D5FAF /* Main.storyboard */; };
		5DCDFFEE29A65FB5008D5FAF /* Assets.xcassets in Resources */ = {isa = PBXBuildFile; fileRef = 5DCDFFED29A65FB5008D5FAF /* Assets.xcassets */; };
		5DCDFFF129A65FB5008D5FAF /* LaunchScreen.storyboard in Resources */ = {isa = PBXBuildFile; fileRef = 5DCDFFEF29A65FB5008D5FAF /* LaunchScreen.storyboard */; };
/* End PBXBuildFile section */

/* Begin PBXFileReference section */
		5DC0F4F329AD087C009F3A0E /* GoogleService-Info.plist */ = {isa = PBXFileReference; lastKnownFileType = text.plist; path = "GoogleService-Info.plist"; sourceTree = SOURCE_ROOT; };
		5DC0F4F529AD0D9E009F3A0E /* Twitter Clone.entitlements */ = {isa = PBXFileReference; lastKnownFileType = text.plist.entitlements; path = "Twitter Clone.entitlements"; sourceTree = "<group>"; };
		5DC0F4F629AD1BB6009F3A0E /* Constants.swift */ = {isa = PBXFileReference; lastKnownFileType = sourcecode.swift; path = Constants.swift; sourceTree = "<group>"; };
		5DC0F4FA29AD2B53009F3A0E /* AuthService.swift */ = {isa = PBXFileReference; lastKnownFileType = sourcecode.swift; path = AuthService.swift; sourceTree = "<group>"; };
		5DC0F50529AE2D6C009F3A0E /* UserService.swift */ = {isa = PBXFileReference; lastKnownFileType = sourcecode.swift; path = UserService.swift; sourceTree = "<group>"; };
		5DC0F50729AE340A009F3A0E /* User.swift */ = {isa = PBXFileReference; lastKnownFileType = sourcecode.swift; path = User.swift; sourceTree = "<group>"; };
		5DC0F52C29AF4FCD009F3A0E /* UploadTweetController.swift */ = {isa = PBXFileReference; lastKnownFileType = sourcecode.swift; path = UploadTweetController.swift; sourceTree = "<group>"; };
		5DC0F52E29AF5DE5009F3A0E /* UIViewController+Utils.swift */ = {isa = PBXFileReference; lastKnownFileType = sourcecode.swift; path = "UIViewController+Utils.swift"; sourceTree = "<group>"; };
		5DC0F53029AF787D009F3A0E /* CaptionTextView.swift */ = {isa = PBXFileReference; lastKnownFileType = sourcecode.swift; path = CaptionTextView.swift; sourceTree = "<group>"; };
		5DC0F53229AF8174009F3A0E /* TweetService.swift */ = {isa = PBXFileReference; lastKnownFileType = sourcecode.swift; path = TweetService.swift; sourceTree = "<group>"; };
		5DC0F53429AFA825009F3A0E /* Tweet.swift */ = {isa = PBXFileReference; lastKnownFileType = sourcecode.swift; path = Tweet.swift; sourceTree = "<group>"; };
		5DC0F53829AFB7BD009F3A0E /* TweetCell.swift */ = {isa = PBXFileReference; lastKnownFileType = sourcecode.swift; path = TweetCell.swift; sourceTree = "<group>"; };
		5DC0F55C29B0D1D7009F3A0E /* TweetViewModel.swift */ = {isa = PBXFileReference; lastKnownFileType = sourcecode.swift; path = TweetViewModel.swift; sourceTree = "<group>"; };
		5DC0F56029B0EE65009F3A0E /* ProfileController.swift */ = {isa = PBXFileReference; lastKnownFileType = sourcecode.swift; path = ProfileController.swift; sourceTree = "<group>"; };
		5DC0F56229B0F61F009F3A0E /* ProfileHeader.swift */ = {isa = PBXFileReference; lastKnownFileType = sourcecode.swift; path = ProfileHeader.swift; sourceTree = "<group>"; };
		5DC0F56429B200D3009F3A0E /* ProfileFilterView.swift */ = {isa = PBXFileReference; lastKnownFileType = sourcecode.swift; path = ProfileFilterView.swift; sourceTree = "<group>"; };
		5DC0F56629B203E9009F3A0E /* ProfileFilterCell.swift */ = {isa = PBXFileReference; lastKnownFileType = sourcecode.swift; path = ProfileFilterCell.swift; sourceTree = "<group>"; };
		5DC0F56829B211D9009F3A0E /* ProfileHeaderViewModel.swift */ = {isa = PBXFileReference; lastKnownFileType = sourcecode.swift; path = ProfileHeaderViewModel.swift; sourceTree = "<group>"; };
		5DCD000129A6639E008D5FAF /* FeedController.swift */ = {isa = PBXFileReference; lastKnownFileType = sourcecode.swift; path = FeedController.swift; sourceTree = "<group>"; };
		5DCD000329A66466008D5FAF /* ExploreController.swift */ = {isa = PBXFileReference; lastKnownFileType = sourcecode.swift; path = ExploreController.swift; sourceTree = "<group>"; };
		5DCD000729A6658C008D5FAF /* ConversationsController.swift */ = {isa = PBXFileReference; lastKnownFileType = sourcecode.swift; path = ConversationsController.swift; sourceTree = "<group>"; };
		5DCD000929A6661D008D5FAF /* NotificationsController.swift */ = {isa = PBXFileReference; lastKnownFileType = sourcecode.swift; path = NotificationsController.swift; sourceTree = "<group>"; };
		5DCD000B29A78CCA008D5FAF /* Layout Helper Extensions.swift */ = {isa = PBXFileReference; lastKnownFileType = sourcecode.swift; path = "Layout Helper Extensions.swift"; sourceTree = "<group>"; };
		5DCD000E29A7AB44008D5FAF /* LoginController.swift */ = {isa = PBXFileReference; lastKnownFileType = sourcecode.swift; path = LoginController.swift; sourceTree = "<group>"; };
		5DCD001029A7AB92008D5FAF /* RegistrationController.swift */ = {isa = PBXFileReference; lastKnownFileType = sourcecode.swift; path = RegistrationController.swift; sourceTree = "<group>"; };
		5DCD001729A7BFBB008D5FAF /* Utilities.swift */ = {isa = PBXFileReference; lastKnownFileType = sourcecode.swift; path = Utilities.swift; sourceTree = "<group>"; };
		5DCDFFE129A65FB4008D5FAF /* Twitter Clone.app */ = {isa = PBXFileReference; explicitFileType = wrapper.application; includeInIndex = 0; path = "Twitter Clone.app"; sourceTree = BUILT_PRODUCTS_DIR; };
		5DCDFFE429A65FB4008D5FAF /* AppDelegate.swift */ = {isa = PBXFileReference; lastKnownFileType = sourcecode.swift; path = AppDelegate.swift; sourceTree = "<group>"; };
		5DCDFFE629A65FB4008D5FAF /* SceneDelegate.swift */ = {isa = PBXFileReference; lastKnownFileType = sourcecode.swift; path = SceneDelegate.swift; sourceTree = "<group>"; };
		5DCDFFEB29A65FB4008D5FAF /* Base */ = {isa = PBXFileReference; lastKnownFileType = file.storyboard; name = Base; path = Base.lproj/Main.storyboard; sourceTree = "<group>"; };
		5DCDFFED29A65FB5008D5FAF /* Assets.xcassets */ = {isa = PBXFileReference; lastKnownFileType = folder.assetcatalog; path = Assets.xcassets; sourceTree = "<group>"; };
		5DCDFFF029A65FB5008D5FAF /* Base */ = {isa = PBXFileReference; lastKnownFileType = file.storyboard; name = Base; path = Base.lproj/LaunchScreen.storyboard; sourceTree = "<group>"; };
		5DCDFFF229A65FB5008D5FAF /* Info.plist */ = {isa = PBXFileReference; lastKnownFileType = text.plist.xml; path = Info.plist; sourceTree = "<group>"; };
		5DCDFFFF29A6619E008D5FAF /* MainTabController.swift */ = {isa = PBXFileReference; lastKnownFileType = sourcecode.swift; path = MainTabController.swift; sourceTree = "<group>"; };
/* End PBXFileReference section */

/* Begin PBXFrameworksBuildPhase section */
		5DCDFFDE29A65FB4008D5FAF /* Frameworks */ = {
			isa = PBXFrameworksBuildPhase;
			buildActionMask = 2147483647;
			files = (
				5DC0F50029ADEF6D009F3A0E /* FirebaseDatabase in Frameworks */,
				5DC0F50429ADEF6D009F3A0E /* FirebaseStorage in Frameworks */,
				5DC0F4FE29ADEF6D009F3A0E /* FirebaseAuth in Frameworks */,
				5DC0F50229ADEF6D009F3A0E /* FirebaseFirestore in Frameworks */,
				5DC0F52B29AE4BD7009F3A0E /* SDWebImage in Frameworks */,
			);
			runOnlyForDeploymentPostprocessing = 0;
		};
/* End PBXFrameworksBuildPhase section */

/* Begin PBXGroup section */
		5DC0F55F29B0EE3D009F3A0E /* Tab Controllers */ = {
			isa = PBXGroup;
			children = (
				5DCD000129A6639E008D5FAF /* FeedController.swift */,
				5DCD000329A66466008D5FAF /* ExploreController.swift */,
				5DCD000929A6661D008D5FAF /* NotificationsController.swift */,
				5DCD000729A6658C008D5FAF /* ConversationsController.swift */,
			);
			path = "Tab Controllers";
			sourceTree = "<group>";
		};
		5DCD000D29A7AB2A008D5FAF /* Authentication */ = {
			isa = PBXGroup;
			children = (
				5DCD000E29A7AB44008D5FAF /* LoginController.swift */,
				5DCD001029A7AB92008D5FAF /* RegistrationController.swift */,
			);
			path = Authentication;
			sourceTree = "<group>";
		};
		5DCD001229A7ACCC008D5FAF /* Files */ = {
			isa = PBXGroup;
			children = (
				5DC0F4F529AD0D9E009F3A0E /* Twitter Clone.entitlements */,
				5DCDFFEA29A65FB4008D5FAF /* Main.storyboard */,
				5DCDFFED29A65FB5008D5FAF /* Assets.xcassets */,
				5DCDFFEF29A65FB5008D5FAF /* LaunchScreen.storyboard */,
				5DCDFFF229A65FB5008D5FAF /* Info.plist */,
				5DC0F4F329AD087C009F3A0E /* GoogleService-Info.plist */,
			);
			name = Files;
			sourceTree = "<group>";
		};
		5DCDFFD829A65FB4008D5FAF = {
			isa = PBXGroup;
			children = (
				5DCDFFE329A65FB4008D5FAF /* Twitter Clone */,
				5DCDFFE229A65FB4008D5FAF /* Products */,
			);
			sourceTree = "<group>";
		};
		5DCDFFE229A65FB4008D5FAF /* Products */ = {
			isa = PBXGroup;
			children = (
				5DCDFFE129A65FB4008D5FAF /* Twitter Clone.app */,
			);
			name = Products;
			sourceTree = "<group>";
		};
		5DCDFFE329A65FB4008D5FAF /* Twitter Clone */ = {
			isa = PBXGroup;
			children = (
				5DCDFFE429A65FB4008D5FAF /* AppDelegate.swift */,
				5DCDFFE629A65FB4008D5FAF /* SceneDelegate.swift */,
				5DCD001229A7ACCC008D5FAF /* Files */,
				5DCDFFFE29A660EE008D5FAF /* Model */,
				5DCDFFF929A660D6008D5FAF /* API */,
				5DCDFFFD29A660EB008D5FAF /* View */,
				5DCDFFFC29A660EA008D5FAF /* ViewModel */,
				5DCDFFFB29A660E7008D5FAF /* Controller */,
				5DCDFFF829A66096008D5FAF /* Utils */,
			);
			path = "Twitter Clone";
			sourceTree = "<group>";
		};
		5DCDFFF829A66096008D5FAF /* Utils */ = {
			isa = PBXGroup;
			children = (
				5DCD000B29A78CCA008D5FAF /* Layout Helper Extensions.swift */,
				5DCD001729A7BFBB008D5FAF /* Utilities.swift */,
				5DC0F4F629AD1BB6009F3A0E /* Constants.swift */,
				5DC0F52E29AF5DE5009F3A0E /* UIViewController+Utils.swift */,
			);
			path = Utils;
			sourceTree = "<group>";
		};
		5DCDFFF929A660D6008D5FAF /* API */ = {
			isa = PBXGroup;
			children = (
				5DC0F4FA29AD2B53009F3A0E /* AuthService.swift */,
				5DC0F50529AE2D6C009F3A0E /* UserService.swift */,
				5DC0F53229AF8174009F3A0E /* TweetService.swift */,
			);
			path = API;
			sourceTree = "<group>";
		};
		5DCDFFFB29A660E7008D5FAF /* Controller */ = {
			isa = PBXGroup;
			children = (
				5DCD000D29A7AB2A008D5FAF /* Authentication */,
				5DCDFFFF29A6619E008D5FAF /* MainTabController.swift */,
				5DC0F55F29B0EE3D009F3A0E /* Tab Controllers */,
				5DC0F52C29AF4FCD009F3A0E /* UploadTweetController.swift */,
				5DC0F56029B0EE65009F3A0E /* ProfileController.swift */,
			);
			path = Controller;
			sourceTree = "<group>";
		};
		5DCDFFFC29A660EA008D5FAF /* ViewModel */ = {
			isa = PBXGroup;
			children = (
				5DC0F55C29B0D1D7009F3A0E /* TweetViewModel.swift */,
				5DC0F56829B211D9009F3A0E /* ProfileHeaderViewModel.swift */,
			);
			path = ViewModel;
			sourceTree = "<group>";
		};
		5DCDFFFD29A660EB008D5FAF /* View */ = {
			isa = PBXGroup;
			children = (
				5DC0F53029AF787D009F3A0E /* CaptionTextView.swift */,
				5DC0F53829AFB7BD009F3A0E /* TweetCell.swift */,
				5DC0F56229B0F61F009F3A0E /* ProfileHeader.swift */,
				5DC0F56429B200D3009F3A0E /* ProfileFilterView.swift */,
				5DC0F56629B203E9009F3A0E /* ProfileFilterCell.swift */,
			);
			path = View;
			sourceTree = "<group>";
		};
		5DCDFFFE29A660EE008D5FAF /* Model */ = {
			isa = PBXGroup;
			children = (
				5DC0F50729AE340A009F3A0E /* User.swift */,
				5DC0F53429AFA825009F3A0E /* Tweet.swift */,
			);
			path = Model;
			sourceTree = "<group>";
		};
/* End PBXGroup section */

/* Begin PBXNativeTarget section */
		5DCDFFE029A65FB4008D5FAF /* Twitter Clone */ = {
			isa = PBXNativeTarget;
			buildConfigurationList = 5DCDFFF529A65FB5008D5FAF /* Build configuration list for PBXNativeTarget "Twitter Clone" */;
			buildPhases = (
				5DCDFFDD29A65FB4008D5FAF /* Sources */,
				5DCDFFDE29A65FB4008D5FAF /* Frameworks */,
				5DCDFFDF29A65FB4008D5FAF /* Resources */,
			);
			buildRules = (
			);
			dependencies = (
			);
			name = "Twitter Clone";
			packageProductDependencies = (
				5DC0F4FD29ADEF6D009F3A0E /* FirebaseAuth */,
				5DC0F4FF29ADEF6D009F3A0E /* FirebaseDatabase */,
				5DC0F50129ADEF6D009F3A0E /* FirebaseFirestore */,
				5DC0F50329ADEF6D009F3A0E /* FirebaseStorage */,
				5DC0F52A29AE4BD7009F3A0E /* SDWebImage */,
			);
			productName = "Twitter Clone";
			productReference = 5DCDFFE129A65FB4008D5FAF /* Twitter Clone.app */;
			productType = "com.apple.product-type.application";
		};
/* End PBXNativeTarget section */

/* Begin PBXProject section */
		5DCDFFD929A65FB4008D5FAF /* Project object */ = {
			isa = PBXProject;
			attributes = {
				BuildIndependentTargetsInParallel = 1;
				LastSwiftUpdateCheck = 1420;
				LastUpgradeCheck = 1420;
				TargetAttributes = {
					5DCDFFE029A65FB4008D5FAF = {
						CreatedOnToolsVersion = 14.2;
					};
				};
			};
			buildConfigurationList = 5DCDFFDC29A65FB4008D5FAF /* Build configuration list for PBXProject "Twitter Clone" */;
			compatibilityVersion = "Xcode 14.0";
			developmentRegion = en;
			hasScannedForEncodings = 0;
			knownRegions = (
				en,
				Base,
			);
			mainGroup = 5DCDFFD829A65FB4008D5FAF;
			packageReferences = (
				5DC0F4FC29ADEF6D009F3A0E /* XCRemoteSwiftPackageReference "firebase-ios-sdk" */,
				5DC0F52929AE4BD7009F3A0E /* XCRemoteSwiftPackageReference "SDWebImage" */,
			);
			productRefGroup = 5DCDFFE229A65FB4008D5FAF /* Products */;
			projectDirPath = "";
			projectRoot = "";
			targets = (
				5DCDFFE029A65FB4008D5FAF /* Twitter Clone */,
			);
		};
/* End PBXProject section */

/* Begin PBXResourcesBuildPhase section */
		5DCDFFDF29A65FB4008D5FAF /* Resources */ = {
			isa = PBXResourcesBuildPhase;
			buildActionMask = 2147483647;
			files = (
				5DCDFFF129A65FB5008D5FAF /* LaunchScreen.storyboard in Resources */,
				5DC0F4F429AD087C009F3A0E /* GoogleService-Info.plist in Resources */,
				5DCDFFEE29A65FB5008D5FAF /* Assets.xcassets in Resources */,
				5DCDFFEC29A65FB4008D5FAF /* Main.storyboard in Resources */,
			);
			runOnlyForDeploymentPostprocessing = 0;
		};
/* End PBXResourcesBuildPhase section */

/* Begin PBXSourcesBuildPhase section */
		5DCDFFDD29A65FB4008D5FAF /* Sources */ = {
			isa = PBXSourcesBuildPhase;
			buildActionMask = 2147483647;
			files = (
				5DC0F50629AE2D6C009F3A0E /* UserService.swift in Sources */,
				5DC0F53329AF8174009F3A0E /* TweetService.swift in Sources */,
				5DCD000829A6658C008D5FAF /* ConversationsController.swift in Sources */,
				5DC0F52F29AF5DE5009F3A0E /* UIViewController+Utils.swift in Sources */,
				5DCDFFE529A65FB4008D5FAF /* AppDelegate.swift in Sources */,
				5DCD001829A7BFBB008D5FAF /* Utilities.swift in Sources */,
				5DCD000429A66466008D5FAF /* ExploreController.swift in Sources */,
				5DC0F53129AF787D009F3A0E /* CaptionTextView.swift in Sources */,
				5DC0F56529B200D3009F3A0E /* ProfileFilterView.swift in Sources */,
				5DC0F56329B0F61F009F3A0E /* ProfileHeader.swift in Sources */,
				5DCDFFE729A65FB4008D5FAF /* SceneDelegate.swift in Sources */,
				5DC0F56929B211D9009F3A0E /* ProfileHeaderViewModel.swift in Sources */,
				5DC0F56129B0EE65009F3A0E /* ProfileController.swift in Sources */,
				5DCD000F29A7AB44008D5FAF /* LoginController.swift in Sources */,
				5DC0F4FB29AD2B53009F3A0E /* AuthService.swift in Sources */,
				5DC0F53529AFA825009F3A0E /* Tweet.swift in Sources */,
				5DC0F56729B203E9009F3A0E /* ProfileFilterCell.swift in Sources */,
				5DC0F55D29B0D1D7009F3A0E /* TweetViewModel.swift in Sources */,
				5DC0F52D29AF4FCD009F3A0E /* UploadTweetController.swift in Sources */,
				5DC0F50829AE340A009F3A0E /* User.swift in Sources */,
				5DCD000A29A6661D008D5FAF /* NotificationsController.swift in Sources */,
				5DC0F53929AFB7BD009F3A0E /* TweetCell.swift in Sources */,
				5DCD000029A6619E008D5FAF /* MainTabController.swift in Sources */,
				5DCD000229A6639E008D5FAF /* FeedController.swift in Sources */,
				5DCD001129A7AB92008D5FAF /* RegistrationController.swift in Sources */,
				5DCD000C29A78CCA008D5FAF /* Layout Helper Extensions.swift in Sources */,
				5DC0F4F729AD1BB6009F3A0E /* Constants.swift in Sources */,
			);
			runOnlyForDeploymentPostprocessing = 0;
		};
/* End PBXSourcesBuildPhase section */

/* Begin PBXVariantGroup section */
		5DCDFFEA29A65FB4008D5FAF /* Main.storyboard */ = {
			isa = PBXVariantGroup;
			children = (
				5DCDFFEB29A65FB4008D5FAF /* Base */,
			);
			name = Main.storyboard;
			sourceTree = "<group>";
		};
		5DCDFFEF29A65FB5008D5FAF /* LaunchScreen.storyboard */ = {
			isa = PBXVariantGroup;
			children = (
				5DCDFFF029A65FB5008D5FAF /* Base */,
			);
			name = LaunchScreen.storyboard;
			sourceTree = "<group>";
		};
/* End PBXVariantGroup section */

/* Begin XCBuildConfiguration section */
		5DCDFFF329A65FB5008D5FAF /* Debug */ = {
			isa = XCBuildConfiguration;
			buildSettings = {
				ALWAYS_SEARCH_USER_PATHS = NO;
				CLANG_ANALYZER_NONNULL = YES;
				CLANG_ANALYZER_NUMBER_OBJECT_CONVERSION = YES_AGGRESSIVE;
				CLANG_CXX_LANGUAGE_STANDARD = "gnu++20";
				CLANG_ENABLE_MODULES = YES;
				CLANG_ENABLE_OBJC_ARC = YES;
				CLANG_ENABLE_OBJC_WEAK = YES;
				CLANG_WARN_BLOCK_CAPTURE_AUTORELEASING = YES;
				CLANG_WARN_BOOL_CONVERSION = YES;
				CLANG_WARN_COMMA = YES;
				CLANG_WARN_CONSTANT_CONVERSION = YES;
				CLANG_WARN_DEPRECATED_OBJC_IMPLEMENTATIONS = YES;
				CLANG_WARN_DIRECT_OBJC_ISA_USAGE = YES_ERROR;
				CLANG_WARN_DOCUMENTATION_COMMENTS = YES;
				CLANG_WARN_EMPTY_BODY = YES;
				CLANG_WARN_ENUM_CONVERSION = YES;
				CLANG_WARN_INFINITE_RECURSION = YES;
				CLANG_WARN_INT_CONVERSION = YES;
				CLANG_WARN_NON_LITERAL_NULL_CONVERSION = YES;
				CLANG_WARN_OBJC_IMPLICIT_RETAIN_SELF = YES;
				CLANG_WARN_OBJC_LITERAL_CONVERSION = YES;
				CLANG_WARN_OBJC_ROOT_CLASS = YES_ERROR;
				CLANG_WARN_QUOTED_INCLUDE_IN_FRAMEWORK_HEADER = YES;
				CLANG_WARN_RANGE_LOOP_ANALYSIS = YES;
				CLANG_WARN_STRICT_PROTOTYPES = YES;
				CLANG_WARN_SUSPICIOUS_MOVE = YES;
				CLANG_WARN_UNGUARDED_AVAILABILITY = YES_AGGRESSIVE;
				CLANG_WARN_UNREACHABLE_CODE = YES;
				CLANG_WARN__DUPLICATE_METHOD_MATCH = YES;
				COPY_PHASE_STRIP = NO;
				DEBUG_INFORMATION_FORMAT = dwarf;
				ENABLE_STRICT_OBJC_MSGSEND = YES;
				ENABLE_TESTABILITY = YES;
				GCC_C_LANGUAGE_STANDARD = gnu11;
				GCC_DYNAMIC_NO_PIC = NO;
				GCC_NO_COMMON_BLOCKS = YES;
				GCC_OPTIMIZATION_LEVEL = 0;
				GCC_PREPROCESSOR_DEFINITIONS = (
					"DEBUG=1",
					"$(inherited)",
				);
				GCC_WARN_64_TO_32_BIT_CONVERSION = YES;
				GCC_WARN_ABOUT_RETURN_TYPE = YES_ERROR;
				GCC_WARN_UNDECLARED_SELECTOR = YES;
				GCC_WARN_UNINITIALIZED_AUTOS = YES_AGGRESSIVE;
				GCC_WARN_UNUSED_FUNCTION = YES;
				GCC_WARN_UNUSED_VARIABLE = YES;
				IPHONEOS_DEPLOYMENT_TARGET = 16.2;
				MTL_ENABLE_DEBUG_INFO = INCLUDE_SOURCE;
				MTL_FAST_MATH = YES;
				ONLY_ACTIVE_ARCH = YES;
				SDKROOT = iphoneos;
				SWIFT_ACTIVE_COMPILATION_CONDITIONS = DEBUG;
				SWIFT_OPTIMIZATION_LEVEL = "-Onone";
			};
			name = Debug;
		};
		5DCDFFF429A65FB5008D5FAF /* Release */ = {
			isa = XCBuildConfiguration;
			buildSettings = {
				ALWAYS_SEARCH_USER_PATHS = NO;
				CLANG_ANALYZER_NONNULL = YES;
				CLANG_ANALYZER_NUMBER_OBJECT_CONVERSION = YES_AGGRESSIVE;
				CLANG_CXX_LANGUAGE_STANDARD = "gnu++20";
				CLANG_ENABLE_MODULES = YES;
				CLANG_ENABLE_OBJC_ARC = YES;
				CLANG_ENABLE_OBJC_WEAK = YES;
				CLANG_WARN_BLOCK_CAPTURE_AUTORELEASING = YES;
				CLANG_WARN_BOOL_CONVERSION = YES;
				CLANG_WARN_COMMA = YES;
				CLANG_WARN_CONSTANT_CONVERSION = YES;
				CLANG_WARN_DEPRECATED_OBJC_IMPLEMENTATIONS = YES;
				CLANG_WARN_DIRECT_OBJC_ISA_USAGE = YES_ERROR;
				CLANG_WARN_DOCUMENTATION_COMMENTS = YES;
				CLANG_WARN_EMPTY_BODY = YES;
				CLANG_WARN_ENUM_CONVERSION = YES;
				CLANG_WARN_INFINITE_RECURSION = YES;
				CLANG_WARN_INT_CONVERSION = YES;
				CLANG_WARN_NON_LITERAL_NULL_CONVERSION = YES;
				CLANG_WARN_OBJC_IMPLICIT_RETAIN_SELF = YES;
				CLANG_WARN_OBJC_LITERAL_CONVERSION = YES;
				CLANG_WARN_OBJC_ROOT_CLASS = YES_ERROR;
				CLANG_WARN_QUOTED_INCLUDE_IN_FRAMEWORK_HEADER = YES;
				CLANG_WARN_RANGE_LOOP_ANALYSIS = YES;
				CLANG_WARN_STRICT_PROTOTYPES = YES;
				CLANG_WARN_SUSPICIOUS_MOVE = YES;
				CLANG_WARN_UNGUARDED_AVAILABILITY = YES_AGGRESSIVE;
				CLANG_WARN_UNREACHABLE_CODE = YES;
				CLANG_WARN__DUPLICATE_METHOD_MATCH = YES;
				COPY_PHASE_STRIP = NO;
				DEBUG_INFORMATION_FORMAT = "dwarf-with-dsym";
				ENABLE_NS_ASSERTIONS = NO;
				ENABLE_STRICT_OBJC_MSGSEND = YES;
				GCC_C_LANGUAGE_STANDARD = gnu11;
				GCC_NO_COMMON_BLOCKS = YES;
				GCC_WARN_64_TO_32_BIT_CONVERSION = YES;
				GCC_WARN_ABOUT_RETURN_TYPE = YES_ERROR;
				GCC_WARN_UNDECLARED_SELECTOR = YES;
				GCC_WARN_UNINITIALIZED_AUTOS = YES_AGGRESSIVE;
				GCC_WARN_UNUSED_FUNCTION = YES;
				GCC_WARN_UNUSED_VARIABLE = YES;
				IPHONEOS_DEPLOYMENT_TARGET = 16.2;
				MTL_ENABLE_DEBUG_INFO = NO;
				MTL_FAST_MATH = YES;
				SDKROOT = iphoneos;
				SWIFT_COMPILATION_MODE = wholemodule;
				SWIFT_OPTIMIZATION_LEVEL = "-O";
				VALIDATE_PRODUCT = YES;
			};
			name = Release;
		};
		5DCDFFF629A65FB5008D5FAF /* Debug */ = {
			isa = XCBuildConfiguration;
			buildSettings = {
				ASSETCATALOG_COMPILER_APPICON_NAME = AppIcon;
				ASSETCATALOG_COMPILER_GLOBAL_ACCENT_COLOR_NAME = AccentColor;
				CODE_SIGN_ENTITLEMENTS = "Twitter Clone/Twitter Clone.entitlements";
				CODE_SIGN_IDENTITY = "Apple Development";
				CODE_SIGN_STYLE = Automatic;
				CURRENT_PROJECT_VERSION = 1;
				DEVELOPMENT_TEAM = N6PQF93RKP;
				GENERATE_INFOPLIST_FILE = YES;
				INFOPLIST_FILE = "Twitter Clone/Info.plist";
				INFOPLIST_KEY_UIApplicationSupportsIndirectInputEvents = YES;
				INFOPLIST_KEY_UILaunchStoryboardName = LaunchScreen;
				INFOPLIST_KEY_UIMainStoryboardFile = Main;
				INFOPLIST_KEY_UISupportedInterfaceOrientations_iPad = "UIInterfaceOrientationPortrait UIInterfaceOrientationPortraitUpsideDown UIInterfaceOrientationLandscapeLeft UIInterfaceOrientationLandscapeRight";
				INFOPLIST_KEY_UISupportedInterfaceOrientations_iPhone = "UIInterfaceOrientationPortrait UIInterfaceOrientationLandscapeLeft UIInterfaceOrientationLandscapeRight";
				LD_RUNPATH_SEARCH_PATHS = (
					"$(inherited)",
					"@executable_path/Frameworks",
				);
				MARKETING_VERSION = 1.0;
				PRODUCT_BUNDLE_IDENTIFIER = "com.nat.Twitter-Clone";
				PRODUCT_NAME = "$(TARGET_NAME)";
				PROVISIONING_PROFILE_SPECIFIER = "";
				SWIFT_EMIT_LOC_STRINGS = YES;
				SWIFT_VERSION = 5.0;
				TARGETED_DEVICE_FAMILY = "1,2";
			};
			name = Debug;
		};
		5DCDFFF729A65FB5008D5FAF /* Release */ = {
			isa = XCBuildConfiguration;
			buildSettings = {
				ASSETCATALOG_COMPILER_APPICON_NAME = AppIcon;
				ASSETCATALOG_COMPILER_GLOBAL_ACCENT_COLOR_NAME = AccentColor;
				CODE_SIGN_ENTITLEMENTS = "Twitter Clone/Twitter Clone.entitlements";
				CODE_SIGN_IDENTITY = "Apple Development";
				CODE_SIGN_STYLE = Automatic;
				CURRENT_PROJECT_VERSION = 1;
				DEVELOPMENT_TEAM = N6PQF93RKP;
				GENERATE_INFOPLIST_FILE = YES;
				INFOPLIST_FILE = "Twitter Clone/Info.plist";
				INFOPLIST_KEY_UIApplicationSupportsIndirectInputEvents = YES;
				INFOPLIST_KEY_UILaunchStoryboardName = LaunchScreen;
				INFOPLIST_KEY_UIMainStoryboardFile = Main;
				INFOPLIST_KEY_UISupportedInterfaceOrientations_iPad = "UIInterfaceOrientationPortrait UIInterfaceOrientationPortraitUpsideDown UIInterfaceOrientationLandscapeLeft UIInterfaceOrientationLandscapeRight";
				INFOPLIST_KEY_UISupportedInterfaceOrientations_iPhone = "UIInterfaceOrientationPortrait UIInterfaceOrientationLandscapeLeft UIInterfaceOrientationLandscapeRight";
				LD_RUNPATH_SEARCH_PATHS = (
					"$(inherited)",
					"@executable_path/Frameworks",
				);
				MARKETING_VERSION = 1.0;
				PRODUCT_BUNDLE_IDENTIFIER = "com.nat.Twitter-Clone";
				PRODUCT_NAME = "$(TARGET_NAME)";
				PROVISIONING_PROFILE_SPECIFIER = "";
				SWIFT_EMIT_LOC_STRINGS = YES;
				SWIFT_VERSION = 5.0;
				TARGETED_DEVICE_FAMILY = "1,2";
			};
			name = Release;
		};
/* End XCBuildConfiguration section */

/* Begin XCConfigurationList section */
		5DCDFFDC29A65FB4008D5FAF /* Build configuration list for PBXProject "Twitter Clone" */ = {
			isa = XCConfigurationList;
			buildConfigurations = (
				5DCDFFF329A65FB5008D5FAF /* Debug */,
				5DCDFFF429A65FB5008D5FAF /* Release */,
			);
			defaultConfigurationIsVisible = 0;
			defaultConfigurationName = Release;
		};
		5DCDFFF529A65FB5008D5FAF /* Build configuration list for PBXNativeTarget "Twitter Clone" */ = {
			isa = XCConfigurationList;
			buildConfigurations = (
				5DCDFFF629A65FB5008D5FAF /* Debug */,
				5DCDFFF729A65FB5008D5FAF /* Release */,
			);
			defaultConfigurationIsVisible = 0;
			defaultConfigurationName = Release;
		};
/* End XCConfigurationList section */

/* Begin XCRemoteSwiftPackageReference section */
		5DC0F4FC29ADEF6D009F3A0E /* XCRemoteSwiftPackageReference "firebase-ios-sdk" */ = {
			isa = XCRemoteSwiftPackageReference;
			repositoryURL = "https://github.com/firebase/firebase-ios-sdk";
			requirement = {
				kind = upToNextMajorVersion;
				minimumVersion = 10.0.0;
			};
		};
		5DC0F52929AE4BD7009F3A0E /* XCRemoteSwiftPackageReference "SDWebImage" */ = {
			isa = XCRemoteSwiftPackageReference;
			repositoryURL = "https://github.com/SDWebImage/SDWebImage.git";
			requirement = {
				kind = upToNextMajorVersion;
				minimumVersion = 5.0.0;
			};
		};
/* End XCRemoteSwiftPackageReference section */

/* Begin XCSwiftPackageProductDependency section */
		5DC0F4FD29ADEF6D009F3A0E /* FirebaseAuth */ = {
			isa = XCSwiftPackageProductDependency;
			package = 5DC0F4FC29ADEF6D009F3A0E /* XCRemoteSwiftPackageReference "firebase-ios-sdk" */;
			productName = FirebaseAuth;
		};
		5DC0F4FF29ADEF6D009F3A0E /* FirebaseDatabase */ = {
			isa = XCSwiftPackageProductDependency;
			package = 5DC0F4FC29ADEF6D009F3A0E /* XCRemoteSwiftPackageReference "firebase-ios-sdk" */;
			productName = FirebaseDatabase;
		};
		5DC0F50129ADEF6D009F3A0E /* FirebaseFirestore */ = {
			isa = XCSwiftPackageProductDependency;
			package = 5DC0F4FC29ADEF6D009F3A0E /* XCRemoteSwiftPackageReference "firebase-ios-sdk" */;
			productName = FirebaseFirestore;
		};
		5DC0F50329ADEF6D009F3A0E /* FirebaseStorage */ = {
			isa = XCSwiftPackageProductDependency;
			package = 5DC0F4FC29ADEF6D009F3A0E /* XCRemoteSwiftPackageReference "firebase-ios-sdk" */;
			productName = FirebaseStorage;
		};
		5DC0F52A29AE4BD7009F3A0E /* SDWebImage */ = {
			isa = XCSwiftPackageProductDependency;
			package = 5DC0F52929AE4BD7009F3A0E /* XCRemoteSwiftPackageReference "SDWebImage" */;
			productName = SDWebImage;
		};
/* End XCSwiftPackageProductDependency section */
	};
	rootObject = 5DCDFFD929A65FB4008D5FAF /* Project object */;
}
